
Microsoft Visual Studio Solution File, Format Version 12.00
# Visual Studio Version 17
VisualStudioVersion = 17.8.34322.80
MinimumVisualStudioVersion = 10.0.40219.1
Project("{FAE04EC0-301F-11D3-BF4B-00C04F79EFBC}") = "UP_3", "UP_3.csproj", "{0F129A5F-9D57-4FA9-A420-CC9CEFBBB3DB}"
EndProject
Global
	GlobalSection(SolutionConfigurationPlatforms) = preSolution
		Debug|Any CPU = Debug|Any CPU
		Release|Any CPU = Release|Any CPU
	EndGlobalSection
	GlobalSection(ProjectConfigurationPlatforms) = postSolution
		{0F129A5F-9D57-4FA9-A420-CC9CEFBBB3DB}.Debug|Any CPU.ActiveCfg = Debug|Any CPU
		{0F129A5F-9D57-4FA9-A420-CC9CEFBBB3DB}.Debug|Any CPU.Build.0 = Debug|Any CPU
		{0F129A5F-9D57-4FA9-A420-CC9CEFBBB3DB}.Release|Any CPU.ActiveCfg = Release|Any CPU
		{0F129A5F-9D57-4FA9-A420-CC9CEFBBB3DB}.Release|Any CPU.Build.0 = Release|Any CPU
	EndGlobalSection
	GlobalSection(SolutionProperties) = preSolution
		HideSolutionNode = FALSE
	EndGlobalSection
	GlobalSection(ExtensibilityGlobals) = postSolution
		SolutionGuid = {D233DA73-1C8B-499F-AD86-F93ADD4DBC16}
	EndGlobalSection
EndGlobal
